
Microsoft Visual Studio Solution File, Format Version 12.00
# Visual Studio 15
VisualStudioVersion = 15.0.28307.136
MinimumVisualStudioVersion = 10.0.40219.1
Project("{FAE04EC0-301F-11D3-BF4B-00C04F79EFBC}") = "PricingTool.WEB", "PricingTool.WEB\PricingTool.WEB.csproj", "{38201F1B-FC89-455C-ADD9-28AA943CE9AA}"
EndProject
Project("{FAE04EC0-301F-11D3-BF4B-00C04F79EFBC}") = "PricingTool.DAL", "PricingTool.DAL\PricingTool.DAL.csproj", "{56EAEB66-D2E5-4680-BBDB-3C67E9AF736B}"
EndProject
Project("{FAE04EC0-301F-11D3-BF4B-00C04F79EFBC}") = "PricingTool.BLL", "PricingTool.BLL\PricingTool.BLL.csproj", "{1026F266-BFC9-4C80-B502-038E7692D4D2}"
EndProject
Global
	GlobalSection(SolutionConfigurationPlatforms) = preSolution
		Debug|Any CPU = Debug|Any CPU
		Release|Any CPU = Release|Any CPU
	EndGlobalSection
	GlobalSection(ProjectConfigurationPlatforms) = postSolution
		{38201F1B-FC89-455C-ADD9-28AA943CE9AA}.Debug|Any CPU.ActiveCfg = Debug|Any CPU
		{38201F1B-FC89-455C-ADD9-28AA943CE9AA}.Debug|Any CPU.Build.0 = Debug|Any CPU
		{38201F1B-FC89-455C-ADD9-28AA943CE9AA}.Release|Any CPU.ActiveCfg = Release|Any CPU
		{38201F1B-FC89-455C-ADD9-28AA943CE9AA}.Release|Any CPU.Build.0 = Release|Any CPU
		{56EAEB66-D2E5-4680-BBDB-3C67E9AF736B}.Debug|Any CPU.ActiveCfg = Debug|Any CPU
		{56EAEB66-D2E5-4680-BBDB-3C67E9AF736B}.Debug|Any CPU.Build.0 = Debug|Any CPU
		{56EAEB66-D2E5-4680-BBDB-3C67E9AF736B}.Release|Any CPU.ActiveCfg = Release|Any CPU
		{56EAEB66-D2E5-4680-BBDB-3C67E9AF736B}.Release|Any CPU.Build.0 = Release|Any CPU
		{1026F266-BFC9-4C80-B502-038E7692D4D2}.Debug|Any CPU.ActiveCfg = Debug|Any CPU
		{1026F266-BFC9-4C80-B502-038E7692D4D2}.Debug|Any CPU.Build.0 = Debug|Any CPU
		{1026F266-BFC9-4C80-B502-038E7692D4D2}.Release|Any CPU.ActiveCfg = Release|Any CPU
		{1026F266-BFC9-4C80-B502-038E7692D4D2}.Release|Any CPU.Build.0 = Release|Any CPU
	EndGlobalSection
	GlobalSection(SolutionProperties) = preSolution
		HideSolutionNode = FALSE
	EndGlobalSection
	GlobalSection(ExtensibilityGlobals) = postSolution
		SolutionGuid = {CD33F4F8-C669-42BB-80AC-151006F3D96A}
	EndGlobalSection
EndGlobal
